
Microsoft Visual Studio Solution File, Format Version 12.00
# Visual Studio Version 17
VisualStudioVersion = 17.2.32630.192
MinimumVisualStudioVersion = 10.0.40219.1
Project("{9A19103F-16F7-4668-BE54-9A1E7A4F7556}") = "WebApi", "src\WebApi\WebApi.csproj", "{5DF361E6-C921-4016-80D2-99C7C60DFD42}"
EndProject
Project("{2150E333-8FDC-42A3-9474-1A3956D46DE8}") = "src", "src", "{52FCEFAF-C038-4FD8-BC9C-29D957208B3F}"
EndProject
Project("{2150E333-8FDC-42A3-9474-1A3956D46DE8}") = "tests", "tests", "{A872B07A-0C43-46CD-9681-74A0365FD89A}"
EndProject
Project("{2150E333-8FDC-42A3-9474-1A3956D46DE8}") = "Itens de Solução", "Itens de Solução", "{ADD5D870-D18E-4948-B25D-F56AD9BBEBE4}"
	ProjectSection(SolutionItems) = preProject
		docker-compose.yml = docker-compose.yml
		README.md = README.md
	EndProjectSection
EndProject
Project("{9A19103F-16F7-4668-BE54-9A1E7A4F7556}") = "UnitTests", "tests\UnitTests\UnitTests.csproj", "{0A87B7D0-F4A0-4C25-AA06-520F123C5A69}"
EndProject
Global
	GlobalSection(SolutionConfigurationPlatforms) = preSolution
		Debug|Any CPU = Debug|Any CPU
		Release|Any CPU = Release|Any CPU
	EndGlobalSection
	GlobalSection(ProjectConfigurationPlatforms) = postSolution
		{5DF361E6-C921-4016-80D2-99C7C60DFD42}.Debug|Any CPU.ActiveCfg = Debug|Any CPU
		{5DF361E6-C921-4016-80D2-99C7C60DFD42}.Debug|Any CPU.Build.0 = Debug|Any CPU
		{5DF361E6-C921-4016-80D2-99C7C60DFD42}.Release|Any CPU.ActiveCfg = Release|Any CPU
		{5DF361E6-C921-4016-80D2-99C7C60DFD42}.Release|Any CPU.Build.0 = Release|Any CPU
		{0A87B7D0-F4A0-4C25-AA06-520F123C5A69}.Debug|Any CPU.ActiveCfg = Debug|Any CPU
		{0A87B7D0-F4A0-4C25-AA06-520F123C5A69}.Debug|Any CPU.Build.0 = Debug|Any CPU
		{0A87B7D0-F4A0-4C25-AA06-520F123C5A69}.Release|Any CPU.ActiveCfg = Release|Any CPU
		{0A87B7D0-F4A0-4C25-AA06-520F123C5A69}.Release|Any CPU.Build.0 = Release|Any CPU
	EndGlobalSection
	GlobalSection(SolutionProperties) = preSolution
		HideSolutionNode = FALSE
	EndGlobalSection
	GlobalSection(NestedProjects) = preSolution
		{5DF361E6-C921-4016-80D2-99C7C60DFD42} = {52FCEFAF-C038-4FD8-BC9C-29D957208B3F}
		{0A87B7D0-F4A0-4C25-AA06-520F123C5A69} = {A872B07A-0C43-46CD-9681-74A0365FD89A}
	EndGlobalSection
	GlobalSection(ExtensibilityGlobals) = postSolution
		SolutionGuid = {3F853A9D-CC62-406F-B677-1CB5AEDA5C43}
	EndGlobalSection
EndGlobal
