
Microsoft Visual Studio Solution File, Format Version 12.00
# Visual Studio Version 17
VisualStudioVersion = 17.2.32630.192
MinimumVisualStudioVersion = 10.0.40219.1
Project("{9A19103F-16F7-4668-BE54-9A1E7A4F7556}") = "WebApi", "src\WebApi\WebApi.csproj", "{5DF361E6-C921-4016-80D2-99C7C60DFD42}"
EndProject
Project("{2150E333-8FDC-42A3-9474-1A3956D46DE8}") = "src", "src", "{52FCEFAF-C038-4FD8-BC9C-29D957208B3F}"
EndProject
Project("{2150E333-8FDC-42A3-9474-1A3956D46DE8}") = "tests", "tests", "{A872B07A-0C43-46CD-9681-74A0365FD89A}"
EndProject
Project("{2150E333-8FDC-42A3-9474-1A3956D46DE8}") = "Itens de Solução", "Itens de Solução", "{ADD5D870-D18E-4948-B25D-F56AD9BBEBE4}"
	ProjectSection(SolutionItems) = preProject
		docker-compose.yml = docker-compose.yml
		README.md = README.md
	EndProjectSection
EndProject
Project("{9A19103F-16F7-4668-BE54-9A1E7A4F7556}") = "UnitTests", "tests\UnitTests\UnitTests.csproj", "{0A87B7D0-F4A0-4C25-AA06-520F123C5A69}"
EndProject
Project("{9A19103F-16F7-4668-BE54-9A1E7A4F7556}") = "Infrastructure", "src\Infrastructure\Infrastructure.csproj", "{2BA1E5F4-55EF-478F-9C09-D517C78E0C12}"
EndProject
Project("{9A19103F-16F7-4668-BE54-9A1E7A4F7556}") = "Domain", "src\Domain\Domain.csproj", "{9725EBC4-285E-4FFD-B147-4EC2B3A8722E}"
EndProject
Project("{FAE04EC0-301F-11D3-BF4B-00C04F79EFBC}") = "IntegratedTests", "tests\IntegratedTests\IntegratedTests.csproj", "{D0275592-4F5C-4A0B-9655-05DA1ABCF3DA}"
EndProject
Project("{9A19103F-16F7-4668-BE54-9A1E7A4F7556}") = "Application", "src\Application\Application.csproj", "{462D9845-5F3A-4E18-949A-6294ABAAB99D}"
EndProject
Global
	GlobalSection(SolutionConfigurationPlatforms) = preSolution
		Debug|Any CPU = Debug|Any CPU
		Release|Any CPU = Release|Any CPU
	EndGlobalSection
	GlobalSection(ProjectConfigurationPlatforms) = postSolution
		{5DF361E6-C921-4016-80D2-99C7C60DFD42}.Debug|Any CPU.ActiveCfg = Debug|Any CPU
		{5DF361E6-C921-4016-80D2-99C7C60DFD42}.Debug|Any CPU.Build.0 = Debug|Any CPU
		{5DF361E6-C921-4016-80D2-99C7C60DFD42}.Release|Any CPU.ActiveCfg = Release|Any CPU
		{5DF361E6-C921-4016-80D2-99C7C60DFD42}.Release|Any CPU.Build.0 = Release|Any CPU
		{0A87B7D0-F4A0-4C25-AA06-520F123C5A69}.Debug|Any CPU.ActiveCfg = Debug|Any CPU
		{0A87B7D0-F4A0-4C25-AA06-520F123C5A69}.Debug|Any CPU.Build.0 = Debug|Any CPU
		{0A87B7D0-F4A0-4C25-AA06-520F123C5A69}.Release|Any CPU.ActiveCfg = Release|Any CPU
		{0A87B7D0-F4A0-4C25-AA06-520F123C5A69}.Release|Any CPU.Build.0 = Release|Any CPU
		{2BA1E5F4-55EF-478F-9C09-D517C78E0C12}.Debug|Any CPU.ActiveCfg = Debug|Any CPU
		{2BA1E5F4-55EF-478F-9C09-D517C78E0C12}.Debug|Any CPU.Build.0 = Debug|Any CPU
		{2BA1E5F4-55EF-478F-9C09-D517C78E0C12}.Release|Any CPU.ActiveCfg = Release|Any CPU
		{2BA1E5F4-55EF-478F-9C09-D517C78E0C12}.Release|Any CPU.Build.0 = Release|Any CPU
		{9725EBC4-285E-4FFD-B147-4EC2B3A8722E}.Debug|Any CPU.ActiveCfg = Debug|Any CPU
		{9725EBC4-285E-4FFD-B147-4EC2B3A8722E}.Debug|Any CPU.Build.0 = Debug|Any CPU
		{9725EBC4-285E-4FFD-B147-4EC2B3A8722E}.Release|Any CPU.ActiveCfg = Release|Any CPU
		{9725EBC4-285E-4FFD-B147-4EC2B3A8722E}.Release|Any CPU.Build.0 = Release|Any CPU
		{D0275592-4F5C-4A0B-9655-05DA1ABCF3DA}.Debug|Any CPU.ActiveCfg = Debug|Any CPU
		{D0275592-4F5C-4A0B-9655-05DA1ABCF3DA}.Debug|Any CPU.Build.0 = Debug|Any CPU
		{D0275592-4F5C-4A0B-9655-05DA1ABCF3DA}.Release|Any CPU.ActiveCfg = Release|Any CPU
		{D0275592-4F5C-4A0B-9655-05DA1ABCF3DA}.Release|Any CPU.Build.0 = Release|Any CPU
		{462D9845-5F3A-4E18-949A-6294ABAAB99D}.Debug|Any CPU.ActiveCfg = Debug|Any CPU
		{462D9845-5F3A-4E18-949A-6294ABAAB99D}.Debug|Any CPU.Build.0 = Debug|Any CPU
		{462D9845-5F3A-4E18-949A-6294ABAAB99D}.Release|Any CPU.ActiveCfg = Release|Any CPU
		{462D9845-5F3A-4E18-949A-6294ABAAB99D}.Release|Any CPU.Build.0 = Release|Any CPU
	EndGlobalSection
	GlobalSection(SolutionProperties) = preSolution
		HideSolutionNode = FALSE
	EndGlobalSection
	GlobalSection(NestedProjects) = preSolution
		{5DF361E6-C921-4016-80D2-99C7C60DFD42} = {52FCEFAF-C038-4FD8-BC9C-29D957208B3F}
		{0A87B7D0-F4A0-4C25-AA06-520F123C5A69} = {A872B07A-0C43-46CD-9681-74A0365FD89A}
		{2BA1E5F4-55EF-478F-9C09-D517C78E0C12} = {52FCEFAF-C038-4FD8-BC9C-29D957208B3F}
		{9725EBC4-285E-4FFD-B147-4EC2B3A8722E} = {52FCEFAF-C038-4FD8-BC9C-29D957208B3F}
		{D0275592-4F5C-4A0B-9655-05DA1ABCF3DA} = {A872B07A-0C43-46CD-9681-74A0365FD89A}
		{462D9845-5F3A-4E18-949A-6294ABAAB99D} = {52FCEFAF-C038-4FD8-BC9C-29D957208B3F}
	EndGlobalSection
	GlobalSection(ExtensibilityGlobals) = postSolution
		SolutionGuid = {3F853A9D-CC62-406F-B677-1CB5AEDA5C43}
	EndGlobalSection
EndGlobal
